
Microsoft Visual Studio Solution File, Format Version 12.00
# Visual Studio Version 17
VisualStudioVersion = 17.7.34018.315
MinimumVisualStudioVersion = 10.0.40219.1
Project("{FAE04EC0-301F-11D3-BF4B-00C04F79EFBC}") = "Practica 1", "Practica 1\Practica 1.csproj", "{2501384D-59B2-45BF-A8F3-F2881DDDA4EB}"
EndProject
Project("{FAE04EC0-301F-11D3-BF4B-00C04F79EFBC}") = "BiblioCarro", "..\BiblioCarro\BiblioCarro.csproj", "{509E0054-8C71-4E99-A8C9-7A725B6B0169}"
EndProject
Global
	GlobalSection(SolutionConfigurationPlatforms) = preSolution
		Debug|Any CPU = Debug|Any CPU
		Release|Any CPU = Release|Any CPU
	EndGlobalSection
	GlobalSection(ProjectConfigurationPlatforms) = postSolution
		{2501384D-59B2-45BF-A8F3-F2881DDDA4EB}.Debug|Any CPU.ActiveCfg = Debug|Any CPU
		{2501384D-59B2-45BF-A8F3-F2881DDDA4EB}.Debug|Any CPU.Build.0 = Debug|Any CPU
		{2501384D-59B2-45BF-A8F3-F2881DDDA4EB}.Release|Any CPU.ActiveCfg = Release|Any CPU
		{2501384D-59B2-45BF-A8F3-F2881DDDA4EB}.Release|Any CPU.Build.0 = Release|Any CPU
		{509E0054-8C71-4E99-A8C9-7A725B6B0169}.Debug|Any CPU.ActiveCfg = Debug|Any CPU
		{509E0054-8C71-4E99-A8C9-7A725B6B0169}.Debug|Any CPU.Build.0 = Debug|Any CPU
		{509E0054-8C71-4E99-A8C9-7A725B6B0169}.Release|Any CPU.ActiveCfg = Release|Any CPU
		{509E0054-8C71-4E99-A8C9-7A725B6B0169}.Release|Any CPU.Build.0 = Release|Any CPU
	EndGlobalSection
	GlobalSection(SolutionProperties) = preSolution
		HideSolutionNode = FALSE
	EndGlobalSection
	GlobalSection(ExtensibilityGlobals) = postSolution
		SolutionGuid = {30B5030A-92DB-4942-90AE-199DC053516E}
	EndGlobalSection
EndGlobal
